
Microsoft Visual Studio Solution File, Format Version 12.00
# Visual Studio Version 17
VisualStudioVersion = 17.7.34031.279
MinimumVisualStudioVersion = 10.0.40219.1
Project("{FAE04EC0-301F-11D3-BF4B-00C04F79EFBC}") = "MyFridge", "MyFridge\MyFridge.csproj", "{AFF0A5E6-043B-4915-AB7C-4C9A83AEF8C6}"
EndProject
Global
	GlobalSection(SolutionConfigurationPlatforms) = preSolution
		Debug|Any CPU = Debug|Any CPU
		Release|Any CPU = Release|Any CPU
	EndGlobalSection
	GlobalSection(ProjectConfigurationPlatforms) = postSolution
		{AFF0A5E6-043B-4915-AB7C-4C9A83AEF8C6}.Debug|Any CPU.ActiveCfg = Debug|Any CPU
		{AFF0A5E6-043B-4915-AB7C-4C9A83AEF8C6}.Debug|Any CPU.Build.0 = Debug|Any CPU
		{AFF0A5E6-043B-4915-AB7C-4C9A83AEF8C6}.Debug|Any CPU.Deploy.0 = Debug|Any CPU
		{AFF0A5E6-043B-4915-AB7C-4C9A83AEF8C6}.Release|Any CPU.ActiveCfg = Release|Any CPU
		{AFF0A5E6-043B-4915-AB7C-4C9A83AEF8C6}.Release|Any CPU.Build.0 = Release|Any CPU
		{AFF0A5E6-043B-4915-AB7C-4C9A83AEF8C6}.Release|Any CPU.Deploy.0 = Release|Any CPU
	EndGlobalSection
	GlobalSection(SolutionProperties) = preSolution
		HideSolutionNode = FALSE
	EndGlobalSection
	GlobalSection(ExtensibilityGlobals) = postSolution
		SolutionGuid = {34D86DCA-8AEE-4E3E-9D72-4C21182DFA27}
	EndGlobalSection
EndGlobal
